
Microsoft Visual Studio Solution File, Format Version 12.00
# Visual Studio Version 16
VisualStudioVersion = 16.0.30011.22
MinimumVisualStudioVersion = 10.0.40219.1
Project("{FAE04EC0-301F-11D3-BF4B-00C04F79EFBC}") = "TextGame", "TextGame\TextGame.csproj", "{C054F7F4-381F-42A2-A5B5-BD5D5960A740}"
EndProject
Project("{2150E333-8FDC-42A3-9474-1A3956D46DE8}") = "Solution Items", "Solution Items", "{4A1097A3-D2C0-4C8F-9238-6390CA9A8C76}"
EndProject
Global
	GlobalSection(SolutionConfigurationPlatforms) = preSolution
		Debug|Any CPU = Debug|Any CPU
		Release|Any CPU = Release|Any CPU
	EndGlobalSection
	GlobalSection(ProjectConfigurationPlatforms) = postSolution
		{C054F7F4-381F-42A2-A5B5-BD5D5960A740}.Debug|Any CPU.ActiveCfg = Debug|Any CPU
		{C054F7F4-381F-42A2-A5B5-BD5D5960A740}.Debug|Any CPU.Build.0 = Debug|Any CPU
		{C054F7F4-381F-42A2-A5B5-BD5D5960A740}.Release|Any CPU.ActiveCfg = Release|Any CPU
		{C054F7F4-381F-42A2-A5B5-BD5D5960A740}.Release|Any CPU.Build.0 = Release|Any CPU
	EndGlobalSection
	GlobalSection(SolutionProperties) = preSolution
		HideSolutionNode = FALSE
	EndGlobalSection
	GlobalSection(ExtensibilityGlobals) = postSolution
		SolutionGuid = {0DFBCE12-9645-4A70-9A29-A7A88BC3B5E0}
	EndGlobalSection
EndGlobal
