
Microsoft Visual Studio Solution File, Format Version 12.00
# Visual Studio Version 16
VisualStudioVersion = 16.0.30011.22
MinimumVisualStudioVersion = 10.0.40219.1
Project("{FAE04EC0-301F-11D3-BF4B-00C04F79EFBC}") = "ReadNPoints", "ReadNPoints\ReadNPoints.csproj", "{A21B962A-344C-4EF2-8D57-A4FDBAA612B1}"
EndProject
Global
	GlobalSection(SolutionConfigurationPlatforms) = preSolution
		Debug|Any CPU = Debug|Any CPU
		Release|Any CPU = Release|Any CPU
	EndGlobalSection
	GlobalSection(ProjectConfigurationPlatforms) = postSolution
		{A21B962A-344C-4EF2-8D57-A4FDBAA612B1}.Debug|Any CPU.ActiveCfg = Debug|Any CPU
		{A21B962A-344C-4EF2-8D57-A4FDBAA612B1}.Debug|Any CPU.Build.0 = Debug|Any CPU
		{A21B962A-344C-4EF2-8D57-A4FDBAA612B1}.Release|Any CPU.ActiveCfg = Release|Any CPU
		{A21B962A-344C-4EF2-8D57-A4FDBAA612B1}.Release|Any CPU.Build.0 = Release|Any CPU
	EndGlobalSection
	GlobalSection(SolutionProperties) = preSolution
		HideSolutionNode = FALSE
	EndGlobalSection
	GlobalSection(ExtensibilityGlobals) = postSolution
		SolutionGuid = {6BD6AC39-FA5D-462C-A044-940EB84010DB}
	EndGlobalSection
EndGlobal
